// !$*UTF8*$!
{
	archiveVersion = 1;
	classes = {
	};
	objectVersion = 77;
	objects = {

/* Begin PBXContainerItemProxy section */
		B58FE7052E9FF5F1006ADA3A /* PBXContainerItemProxy */ = {
			isa = PBXContainerItemProxy;
			containerPortal = B58FE6EF2E9FF5F0006ADA3A /* Project object */;
			proxyType = 1;
			remoteGlobalIDString = B58FE6F62E9FF5F0006ADA3A;
			remoteInfo = "Cannelle Coffee App";
		};
		B58FE70F2E9FF5F1006ADA3A /* PBXContainerItemProxy */ = {
			isa = PBXContainerItemProxy;
			containerPortal = B58FE6EF2E9FF5F0006ADA3A /* Project object */;
			proxyType = 1;
			remoteGlobalIDString = B58FE6F62E9FF5F0006ADA3A;
			remoteInfo = "Cannelle Coffee App";
		};
/* End PBXContainerItemProxy section */

/* Begin PBXFileReference section */
		B58FE6F72E9FF5F0006ADA3A /* Cannelle Coffee App.app */ = {isa = PBXFileReference; explicitFileType = wrapper.application; includeInIndex = 0; path = "Cannelle Coffee App.app"; sourceTree = BUILT_PRODUCTS_DIR; };
		B58FE7042E9FF5F1006ADA3A /* Cannelle Coffee AppTests.xctest */ = {isa = PBXFileReference; explicitFileType = wrapper.cfbundle; includeInIndex = 0; path = "Cannelle Coffee AppTests.xctest"; sourceTree = BUILT_PRODUCTS_DIR; };
		B58FE70E2E9FF5F1006ADA3A /* Cannelle Coffee AppUITests.xctest */ = {isa = PBXFileReference; explicitFileType = wrapper.cfbundle; includeInIndex = 0; path = "Cannelle Coffee AppUITests.xctest"; sourceTree = BUILT_PRODUCTS_DIR; };
/* End PBXFileReference section */

/* Begin PBXFileSystemSynchronizedRootGroup section */
		B58FE6F92E9FF5F0006ADA3A /* Cannelle Coffee App */ = {
			isa = PBXFileSystemSynchronizedRootGroup;
			path = "Cannelle Coffee App";
			sourceTree = "<group>";
		};
		B58FE7072E9FF5F1006ADA3A /* Cannelle Coffee AppTests */ = {
			isa = PBXFileSystemSynchronizedRootGroup;
			path = "Cannelle Coffee AppTests";
			sourceTree = "<group>";
		};
/* End PBXFileSystemSynchronizedRootGroup section */

/* Begin PBXFrameworksBuildPhase section */
		B58FE6F42E9FF5F0006ADA3A /* Frameworks */ = {
			isa = PBXFrameworksBuildPhase;
			buildActionMask = 2147483647;
			files = (
			);
			runOnlyForDeploymentPostprocessing = 0;
		};
		B58FE7012E9FF5F1006ADA3A /* Frameworks */ = {
			isa = PBXFrameworksBuildPhase;
			buildActionMask = 2147483647;
			files = (
			);
			runOnlyForDeploymentPostprocessing = 0;
		};
		B58FE70B2E9FF5F1006ADA3A /* Frameworks */ = {
			isa = PBXFrameworksBuildPhase;
			buildActionMask = 2147483647;
			files = (
			);
			runOnlyForDeploymentPostprocessing = 0;
		};
/* End PBXFrameworksBuildPhase section */

/* Begin PBXGroup section */
		B58FE6EE2E9FF5F0006ADA3A = {
			isa = PBXGroup;
			children = (
				B58FE6F92E9FF5F0006ADA3A /* Cannelle Coffee App */,
				B58FE7072E9FF5F1006ADA3A /* Cannelle Coffee AppTests */,
				B58FE6F82E9FF5F0006ADA3A /* Products */,
			);
			sourceTree = "<group>";
		};
		B58FE6F82E9FF5F0006ADA3A /* Products */ = {
			isa = PBXGroup;
			children = (
				B58FE6F72E9FF5F0006ADA3A /* Cannelle Coffee App.app */,
				B58FE7042E9FF5F1006ADA3A /* Cannelle Coffee AppTests.xctest */,
				B58FE70E2E9FF5F1006ADA3A /* Cannelle Coffee AppUITests.xctest */,
			);
			name = Products;
			sourceTree = "<group>";
		};
/* End PBXGroup section */

/* Begin PBXNativeTarget section */
		B58FE6F62E9FF5F0006ADA3A /* Cannelle Coffee App */ = {
			isa = PBXNativeTarget;
			buildConfigurationList = B58FE7182E9FF5F1006ADA3A /* Build configuration list for PBXNativeTarget "Cannelle Coffee App" */;
			buildPhases = (
				B58FE6F32E9FF5F0006ADA3A /* Sources */,
				B58FE6F42E9FF5F0006ADA3A /* Frameworks */,
				B58FE6F52E9FF5F0006ADA3A /* Resources */,
			);
			buildRules = (
			);
			dependencies = (
			);
			fileSystemSynchronizedGroups = (
				B58FE6F92E9FF5F0006ADA3A /* Cannelle Coffee App */,
			);
			name = "Cannelle Coffee App";
			packageProductDependencies = (
			);
			productName = "Cannelle Coffee App";
			productReference = B58FE6F72E9FF5F0006ADA3A /* Cannelle Coffee App.app */;
			productType = "com.apple.product-type.application";
		};
		B58FE7032E9FF5F1006ADA3A /* Cannelle Coffee AppTests */ = {
			isa = PBXNativeTarget;
			buildConfigurationList = B58FE71B2E9FF5F1006ADA3A /* Build configuration list for PBXNativeTarget "Cannelle Coffee AppTests" */;
			buildPhases = (
				B58FE7002E9FF5F1006ADA3A /* Sources */,
				B58FE7012E9FF5F1006ADA3A /* Frameworks */,
				B58FE7022E9FF5F1006ADA3A /* Resources */,
			);
			buildRules = (
			);
			dependencies = (
				B58FE7062E9FF5F1006ADA3A /* PBXTargetDependency */,
			);
			fileSystemSynchronizedGroups = (
				B58FE7072E9FF5F1006ADA3A /* Cannelle Coffee AppTests */,
			);
			name = "Cannelle Coffee AppTests";
			packageProductDependencies = (
			);
			productName = "Cannelle Coffee AppTests";
			productReference = B58FE7042E9FF5F1006ADA3A /* Cannelle Coffee AppTests.xctest */;
			productType = "com.apple.product-type.bundle.unit-test";
		};
		B58FE70D2E9FF5F1006ADA3A /* Cannelle Coffee AppUITests */ = {
			isa = PBXNativeTarget;
			buildConfigurationList = B58FE71E2E9FF5F1006ADA3A /* Build configuration list for PBXNativeTarget "Cannelle Coffee AppUITests" */;
			buildPhases = (
				B58FE70A2E9FF5F1006ADA3A /* Sources */,
				B58FE70B2E9FF5F1006ADA3A /* Frameworks */,
				B58FE70C2E9FF5F1006ADA3A /* Resources */,
			);
			buildRules = (
			);
			dependencies = (
				B58FE7102E9FF5F1006ADA3A /* PBXTargetDependency */,
			);
			name = "Cannelle Coffee AppUITests";
			packageProductDependencies = (
			);
			productName = "Cannelle Coffee AppUITests";
			productReference = B58FE70E2E9FF5F1006ADA3A /* Cannelle Coffee AppUITests.xctest */;
			productType = "com.apple.product-type.bundle.ui-testing";
		};
/* End PBXNativeTarget section */

/* Begin PBXProject section */
		B58FE6EF2E9FF5F0006ADA3A /* Project object */ = {
			isa = PBXProject;
			attributes = {
				BuildIndependentTargetsInParallel = 1;
				LastSwiftUpdateCheck = 1640;
				LastUpgradeCheck = 1640;
				TargetAttributes = {
					B58FE6F62E9FF5F0006ADA3A = {
						CreatedOnToolsVersion = 16.4;
					};
					B58FE7032E9FF5F1006ADA3A = {
						CreatedOnToolsVersion = 16.4;
						TestTargetID = B58FE6F62E9FF5F0006ADA3A;
					};
					B58FE70D2E9FF5F1006ADA3A = {
						CreatedOnToolsVersion = 16.4;
						TestTargetID = B58FE6F62E9FF5F0006ADA3A;
					};
				};
			};
			buildConfigurationList = B58FE6F22E9FF5F0006ADA3A /* Build configuration list for PBXProject "Cannelle Coffee App" */;
			developmentRegion = en;
			hasScannedForEncodings = 0;
			knownRegions = (
				en,
				Base,
			);
			mainGroup = B58FE6EE2E9FF5F0006ADA3A;
			minimizedProjectReferenceProxies = 1;
			preferredProjectObjectVersion = 77;
			productRefGroup = B58FE6F82E9FF5F0006ADA3A /* Products */;
			projectDirPath = "";
			projectRoot = "";
			targets = (
				B58FE6F62E9FF5F0006ADA3A /* Cannelle Coffee App */,
				B58FE7032E9FF5F1006ADA3A /* Cannelle Coffee AppTests */,
				B58FE70D2E9FF5F1006ADA3A /* Cannelle Coffee AppUITests */,
			);
		};
/* End PBXProject section */

/* Begin PBXResourcesBuildPhase section */
		B58FE6F52E9FF5F0006ADA3A /* Resources */ = {
			isa = PBXResourcesBuildPhase;
			buildActionMask = 2147483647;
			files = (
			);
			runOnlyForDeploymentPostprocessing = 0;
		};
		B58FE7022E9FF5F1006ADA3A /* Resources */ = {
			isa = PBXResourcesBuildPhase;
			buildActionMask = 2147483647;
			files = (
			);
			runOnlyForDeploymentPostprocessing = 0;
		};
		B58FE70C2E9FF5F1006ADA3A /* Resources */ = {
			isa = PBXResourcesBuildPhase;
			buildActionMask = 2147483647;
			files = (
			);
			runOnlyForDeploymentPostprocessing = 0;
		};
/* End PBXResourcesBuildPhase section */

/* Begin PBXSourcesBuildPhase section */
		B58FE6F32E9FF5F0006ADA3A /* Sources */ = {
			isa = PBXSourcesBuildPhase;
			buildActionMask = 2147483647;
			files = (
			);
			runOnlyForDeploymentPostprocessing = 0;
		};
		B58FE7002E9FF5F1006ADA3A /* Sources */ = {
			isa = PBXSourcesBuildPhase;
			buildActionMask = 2147483647;
			files = (
			);
			runOnlyForDeploymentPostprocessing = 0;
		};
		B58FE70A2E9FF5F1006ADA3A /* Sources */ = {
			isa = PBXSourcesBuildPhase;
			buildActionMask = 2147483647;
			files = (
			);
			runOnlyForDeploymentPostprocessing = 0;
		};
/* End PBXSourcesBuildPhase section */

/* Begin PBXTargetDependency section */
		B58FE7062E9FF5F1006ADA3A /* PBXTargetDependency */ = {
			isa = PBXTargetDependency;
			target = B58FE6F62E9FF5F0006ADA3A /* Cannelle Coffee App */;
			targetProxy = B58FE7052E9FF5F1006ADA3A /* PBXContainerItemProxy */;
		};
		B58FE7102E9FF5F1006ADA3A /* PBXTargetDependency */ = {
			isa = PBXTargetDependency;
			target = B58FE6F62E9FF5F0006ADA3A /* Cannelle Coffee App */;
			targetProxy = B58FE70F2E9FF5F1006ADA3A /* PBXContainerItemProxy */;
		};
/* End PBXTargetDependency section */

/* Begin XCBuildConfiguration section */
		B58FE7162E9FF5F1006ADA3A /* Debug */ = {
			isa = XCBuildConfiguration;
			buildSettings = {
				ALWAYS_SEARCH_USER_PATHS = NO;
				ASSETCATALOG_COMPILER_GENERATE_SWIFT_ASSET_SYMBOL_EXTENSIONS = YES;
				CLANG_ANALYZER_NONNULL = YES;
				CLANG_ANALYZER_NUMBER_OBJECT_CONVERSION = YES_AGGRESSIVE;
				CLANG_CXX_LANGUAGE_STANDARD = "gnu++20";
				CLANG_ENABLE_MODULES = YES;
				CLANG_ENABLE_OBJC_ARC = YES;
				CLANG_ENABLE_OBJC_WEAK = YES;
				CLANG_WARN_BLOCK_CAPTURE_AUTORELEASING = YES;
				CLANG_WARN_BOOL_CONVERSION = YES;
				CLANG_WARN_COMMA = YES;
				CLANG_WARN_CONSTANT_CONVERSION = YES;
				CLANG_WARN_DEPRECATED_OBJC_IMPLEMENTATIONS = YES;
				CLANG_WARN_DIRECT_OBJC_ISA_USAGE = YES_ERROR;
				CLANG_WARN_DOCUMENTATION_COMMENTS = YES;
				CLANG_WARN_EMPTY_BODY = YES;
				CLANG_WARN_ENUM_CONVERSION = YES;
				CLANG_WARN_INFINITE_RECURSION = YES;
				CLANG_WARN_INT_CONVERSION = YES;
				CLANG_WARN_NON_LITERAL_NULL_CONVERSION = YES;
				CLANG_WARN_OBJC_IMPLICIT_RETAIN_SELF = YES;
				CLANG_WARN_OBJC_LITERAL_CONVERSION = YES;
				CLANG_WARN_OBJC_ROOT_CLASS = YES_ERROR;
				CLANG_WARN_QUOTED_INCLUDE_IN_FRAMEWORK_HEADER = YES;
				CLANG_WARN_RANGE_LOOP_ANALYSIS = YES;
				CLANG_WARN_STRICT_PROTOTYPES = YES;
				CLANG_WARN_SUSPICIOUS_MOVE = YES;
				CLANG_WARN_UNGUARDED_AVAILABILITY = YES_AGGRESSIVE;
				CLANG_WARN_UNREACHABLE_CODE = YES;
				CLANG_WARN__DUPLICATE_METHOD_MATCH = YES;
				COPY_PHASE_STRIP = NO;
				DEBUG_INFORMATION_FORMAT = dwarf;
				DEVELOPMENT_TEAM = 885D8LZPH6;
				ENABLE_STRICT_OBJC_MSGSEND = YES;
				ENABLE_TESTABILITY = YES;
				ENABLE_USER_SCRIPT_SANDBOXING = YES;
				GCC_C_LANGUAGE_STANDARD = gnu17;
				GCC_DYNAMIC_NO_PIC = NO;
				GCC_NO_COMMON_BLOCKS = YES;
				GCC_OPTIMIZATION_LEVEL = 0;
				GCC_PREPROCESSOR_DEFINITIONS = (
					"DEBUG=1",
					"$(inherited)",
				);
				GCC_WARN_64_TO_32_BIT_CONVERSION = YES;
				GCC_WARN_ABOUT_RETURN_TYPE = YES_ERROR;
				GCC_WARN_UNDECLARED_SELECTOR = YES;
				GCC_WARN_UNINITIALIZED_AUTOS = YES_AGGRESSIVE;
				GCC_WARN_UNUSED_FUNCTION = YES;
				GCC_WARN_UNUSED_VARIABLE = YES;
				IPHONEOS_DEPLOYMENT_TARGET = 18.5;
				LOCALIZATION_PREFERS_STRING_CATALOGS = YES;
				MTL_ENABLE_DEBUG_INFO = INCLUDE_SOURCE;
				MTL_FAST_MATH = YES;
				ONLY_ACTIVE_ARCH = YES;
				SDKROOT = iphoneos;
				SWIFT_ACTIVE_COMPILATION_CONDITIONS = "DEBUG $(inherited)";
				SWIFT_OPTIMIZATION_LEVEL = "-Onone";
			};
			name = Debug;
		};
		B58FE7172E9FF5F1006ADA3A /* Release */ = {
			isa = XCBuildConfiguration;
			buildSettings = {
				ALWAYS_SEARCH_USER_PATHS = NO;
				ASSETCATALOG_COMPILER_GENERATE_SWIFT_ASSET_SYMBOL_EXTENSIONS = YES;
				CLANG_ANALYZER_NONNULL = YES;
				CLANG_ANALYZER_NUMBER_OBJECT_CONVERSION = YES_AGGRESSIVE;
				CLANG_CXX_LANGUAGE_STANDARD = "gnu++20";
				CLANG_ENABLE_MODULES = YES;
				CLANG_ENABLE_OBJC_ARC = YES;
				CLANG_ENABLE_OBJC_WEAK = YES;
				CLANG_WARN_BLOCK_CAPTURE_AUTORELEASING = YES;
				CLANG_WARN_BOOL_CONVERSION = YES;
				CLANG_WARN_COMMA = YES;
				CLANG_WARN_CONSTANT_CONVERSION = YES;
				CLANG_WARN_DEPRECATED_OBJC_IMPLEMENTATIONS = YES;
				CLANG_WARN_DIRECT_OBJC_ISA_USAGE = YES_ERROR;
				CLANG_WARN_DOCUMENTATION_COMMENTS = YES;
				CLANG_WARN_EMPTY_BODY = YES;
				CLANG_WARN_ENUM_CONVERSION = YES;
				CLANG_WARN_INFINITE_RECURSION = YES;
				CLANG_WARN_INT_CONVERSION = YES;
				CLANG_WARN_NON_LITERAL_NULL_CONVERSION = YES;
				CLANG_WARN_OBJC_IMPLICIT_RETAIN_SELF = YES;
				CLANG_WARN_OBJC_LITERAL_CONVERSION = YES;
				CLANG_WARN_OBJC_ROOT_CLASS = YES_ERROR;
				CLANG_WARN_QUOTED_INCLUDE_IN_FRAMEWORK_HEADER = YES;
				CLANG_WARN_RANGE_LOOP_ANALYSIS = YES;
				CLANG_WARN_STRICT_PROTOTYPES = YES;
				CLANG_WARN_SUSPICIOUS_MOVE = YES;
				CLANG_WARN_UNGUARDED_AVAILABILITY = YES_AGGRESSIVE;
				CLANG_WARN_UNREACHABLE_CODE = YES;
				CLANG_WARN__DUPLICATE_METHOD_MATCH = YES;
				COPY_PHASE_STRIP = NO;
				DEBUG_INFORMATION_FORMAT = "dwarf-with-dsym";
				DEVELOPMENT_TEAM = 885D8LZPH6;
				ENABLE_NS_ASSERTIONS = NO;
				ENABLE_STRICT_OBJC_MSGSEND = YES;
				ENABLE_USER_SCRIPT_SANDBOXING = YES;
				GCC_C_LANGUAGE_STANDARD = gnu17;
				GCC_NO_COMMON_BLOCKS = YES;
				GCC_WARN_64_TO_32_BIT_CONVERSION = YES;
				GCC_WARN_ABOUT_RETURN_TYPE = YES_ERROR;
				GCC_WARN_UNDECLARED_SELECTOR = YES;
				GCC_WARN_UNINITIALIZED_AUTOS = YES_AGGRESSIVE;
				GCC_WARN_UNUSED_FUNCTION = YES;
				GCC_WARN_UNUSED_VARIABLE = YES;
				IPHONEOS_DEPLOYMENT_TARGET = 18.5;
				LOCALIZATION_PREFERS_STRING_CATALOGS = YES;
				MTL_ENABLE_DEBUG_INFO = NO;
				MTL_FAST_MATH = YES;
				SDKROOT = iphoneos;
				SWIFT_COMPILATION_MODE = wholemodule;
				VALIDATE_PRODUCT = YES;
			};
			name = Release;
		};
		B58FE7192E9FF5F1006ADA3A /* Debug */ = {
			isa = XCBuildConfiguration;
			buildSettings = {
				ASSETCATALOG_COMPILER_APPICON_NAME = AppIcon;
				ASSETCATALOG_COMPILER_GLOBAL_ACCENT_COLOR_NAME = AccentColor;
				CODE_SIGN_STYLE = Automatic;
				CURRENT_PROJECT_VERSION = 1;
				DEVELOPMENT_TEAM = 885D8LZPH6;
				ENABLE_PREVIEWS = YES;
				GENERATE_INFOPLIST_FILE = YES;
				INFOPLIST_FILE = "Cannelle-Coffee-App-Info.plist";
				INFOPLIST_KEY_UIApplicationSceneManifest_Generation = YES;
				INFOPLIST_KEY_UIApplicationSupportsIndirectInputEvents = YES;
				INFOPLIST_KEY_UILaunchScreen_Generation = YES;
				INFOPLIST_KEY_UISupportedInterfaceOrientations_iPad = "UIInterfaceOrientationPortrait UIInterfaceOrientationPortraitUpsideDown UIInterfaceOrientationLandscapeLeft UIInterfaceOrientationLandscapeRight";
				INFOPLIST_KEY_UISupportedInterfaceOrientations_iPhone = "UIInterfaceOrientationPortrait UIInterfaceOrientationLandscapeLeft UIInterfaceOrientationLandscapeRight";
				LD_RUNPATH_SEARCH_PATHS = (
					"$(inherited)",
					"@executable_path/Frameworks",
				);
				MARKETING_VERSION = 1.0;
				PRODUCT_BUNDLE_IDENTIFIER = "Courey.Cannelle-Coffee-App";
				PRODUCT_NAME = "$(TARGET_NAME)";
				SWIFT_EMIT_LOC_STRINGS = YES;
				SWIFT_VERSION = 5.0;
				TARGETED_DEVICE_FAMILY = "1,2";
			};
			name = Debug;
		};
		B58FE71A2E9FF5F1006ADA3A /* Release */ = {
			isa = XCBuildConfiguration;
			buildSettings = {
				ASSETCATALOG_COMPILER_APPICON_NAME = AppIcon;
				ASSETCATALOG_COMPILER_GLOBAL_ACCENT_COLOR_NAME = AccentColor;
				CODE_SIGN_STYLE = Automatic;
				CURRENT_PROJECT_VERSION = 1;
				DEVELOPMENT_TEAM = 885D8LZPH6;
				ENABLE_PREVIEWS = YES;
				GENERATE_INFOPLIST_FILE = YES;
				INFOPLIST_FILE = "Cannelle-Coffee-App-Info.plist";
				INFOPLIST_KEY_UIApplicationSceneManifest_Generation = YES;
				INFOPLIST_KEY_UIApplicationSupportsIndirectInputEvents = YES;
				INFOPLIST_KEY_UILaunchScreen_Generation = YES;
				INFOPLIST_KEY_UISupportedInterfaceOrientations_iPad = "UIInterfaceOrientationPortrait UIInterfaceOrientationPortraitUpsideDown UIInterfaceOrientationLandscapeLeft UIInterfaceOrientationLandscapeRight";
				INFOPLIST_KEY_UISupportedInterfaceOrientations_iPhone = "UIInterfaceOrientationPortrait UIInterfaceOrientationLandscapeLeft UIInterfaceOrientationLandscapeRight";
				LD_RUNPATH_SEARCH_PATHS = (
					"$(inherited)",
					"@executable_path/Frameworks",
				);
				MARKETING_VERSION = 1.0;
				PRODUCT_BUNDLE_IDENTIFIER = "Courey.Cannelle-Coffee-App";
				PRODUCT_NAME = "$(TARGET_NAME)";
				SWIFT_EMIT_LOC_STRINGS = YES;
				SWIFT_VERSION = 5.0;
				TARGETED_DEVICE_FAMILY = "1,2";
			};
			name = Release;
		};
		B58FE71C2E9FF5F1006ADA3A /* Debug */ = {
			isa = XCBuildConfiguration;
			buildSettings = {
				BUNDLE_LOADER = "$(TEST_HOST)";
				CODE_SIGN_STYLE = Automatic;
				CURRENT_PROJECT_VERSION = 1;
				DEVELOPMENT_TEAM = 885D8LZPH6;
				GENERATE_INFOPLIST_FILE = YES;
				IPHONEOS_DEPLOYMENT_TARGET = 18.5;
				MARKETING_VERSION = 1.0;
				PRODUCT_BUNDLE_IDENTIFIER = "Courey.Cannelle-Coffee-AppTests";
				PRODUCT_NAME = "$(TARGET_NAME)";
				SWIFT_EMIT_LOC_STRINGS = NO;
				SWIFT_VERSION = 5.0;
				TARGETED_DEVICE_FAMILY = "1,2";
				TEST_HOST = "$(BUILT_PRODUCTS_DIR)/Cannelle Coffee App.app/$(BUNDLE_EXECUTABLE_FOLDER_PATH)/Cannelle Coffee App";
			};
			name = Debug;
		};
		B58FE71D2E9FF5F1006ADA3A /* Release */ = {
			isa = XCBuildConfiguration;
			buildSettings = {
				BUNDLE_LOADER = "$(TEST_HOST)";
				CODE_SIGN_STYLE = Automatic;
				CURRENT_PROJECT_VERSION = 1;
				DEVELOPMENT_TEAM = 885D8LZPH6;
				GENERATE_INFOPLIST_FILE = YES;
				IPHONEOS_DEPLOYMENT_TARGET = 18.5;
				MARKETING_VERSION = 1.0;
				PRODUCT_BUNDLE_IDENTIFIER = "Courey.Cannelle-Coffee-AppTests";
				PRODUCT_NAME = "$(TARGET_NAME)";
				SWIFT_EMIT_LOC_STRINGS = NO;
				SWIFT_VERSION = 5.0;
				TARGETED_DEVICE_FAMILY = "1,2";
				TEST_HOST = "$(BUILT_PRODUCTS_DIR)/Cannelle Coffee App.app/$(BUNDLE_EXECUTABLE_FOLDER_PATH)/Cannelle Coffee App";
			};
			name = Release;
		};
		B58FE71F2E9FF5F1006ADA3A /* Debug */ = {
			isa = XCBuildConfiguration;
			buildSettings = {
				CODE_SIGN_STYLE = Automatic;
				CURRENT_PROJECT_VERSION = 1;
				DEVELOPMENT_TEAM = 885D8LZPH6;
				GENERATE_INFOPLIST_FILE = YES;
				MARKETING_VERSION = 1.0;
				PRODUCT_BUNDLE_IDENTIFIER = "Courey.Cannelle-Coffee-AppUITests";
				PRODUCT_NAME = "$(TARGET_NAME)";
				SWIFT_EMIT_LOC_STRINGS = NO;
				SWIFT_VERSION = 5.0;
				TARGETED_DEVICE_FAMILY = "1,2";
				TEST_TARGET_NAME = "Cannelle Coffee App";
			};
			name = Debug;
		};
		B58FE7202E9FF5F1006ADA3A /* Release */ = {
			isa = XCBuildConfiguration;
			buildSettings = {
				CODE_SIGN_STYLE = Automatic;
				CURRENT_PROJECT_VERSION = 1;
				DEVELOPMENT_TEAM = 885D8LZPH6;
				GENERATE_INFOPLIST_FILE = YES;
				MARKETING_VERSION = 1.0;
				PRODUCT_BUNDLE_IDENTIFIER = "Courey.Cannelle-Coffee-AppUITests";
				PRODUCT_NAME = "$(TARGET_NAME)";
				SWIFT_EMIT_LOC_STRINGS = NO;
				SWIFT_VERSION = 5.0;
				TARGETED_DEVICE_FAMILY = "1,2";
				TEST_TARGET_NAME = "Cannelle Coffee App";
			};
			name = Release;
		};
/* End XCBuildConfiguration section */

/* Begin XCConfigurationList section */
		B58FE6F22E9FF5F0006ADA3A /* Build configuration list for PBXProject "Cannelle Coffee App" */ = {
			isa = XCConfigurationList;
			buildConfigurations = (
				B58FE7162E9FF5F1006ADA3A /* Debug */,
				B58FE7172E9FF5F1006ADA3A /* Release */,
			);
			defaultConfigurationIsVisible = 0;
			defaultConfigurationName = Release;
		};
		B58FE7182E9FF5F1006ADA3A /* Build configuration list for PBXNativeTarget "Cannelle Coffee App" */ = {
			isa = XCConfigurationList;
			buildConfigurations = (
				B58FE7192E9FF5F1006ADA3A /* Debug */,
				B58FE71A2E9FF5F1006ADA3A /* Release */,
			);
			defaultConfigurationIsVisible = 0;
			defaultConfigurationName = Release;
		};
		B58FE71B2E9FF5F1006ADA3A /* Build configuration list for PBXNativeTarget "Cannelle Coffee AppTests" */ = {
			isa = XCConfigurationList;
			buildConfigurations = (
				B58FE71C2E9FF5F1006ADA3A /* Debug */,
				B58FE71D2E9FF5F1006ADA3A /* Release */,
			);
			defaultConfigurationIsVisible = 0;
			defaultConfigurationName = Release;
		};
		B58FE71E2E9FF5F1006ADA3A /* Build configuration list for PBXNativeTarget "Cannelle Coffee AppUITests" */ = {
			isa = XCConfigurationList;
			buildConfigurations = (
				B58FE71F2E9FF5F1006ADA3A /* Debug */,
				B58FE7202E9FF5F1006ADA3A /* Release */,
			);
			defaultConfigurationIsVisible = 0;
			defaultConfigurationName = Release;
		};
/* End XCConfigurationList section */
	};
	rootObject = B58FE6EF2E9FF5F0006ADA3A /* Project object */;
}
